Microsoft Visual Studio Solution File, Format Version 12.00
# Visual Studio Version 17
VisualStudioVersion = 17.5.2.0
MinimumVisualStudioVersion = 10.0.40219.1
Project("{FAE04EC0-301F-11D3-BF4B-00C04F79EFBC}") = "AdminDashboard", "AdminDashboard.csproj", "{C5E346D6-E864-EDC8-0079-A8FFCF4A6E07}"
EndProject
Global
	GlobalSection(SolutionConfigurationPlatforms) = preSolution
		Debug|Any CPU = Debug|Any CPU
		Release|Any CPU = Release|Any CPU
	EndGlobalSection
	GlobalSection(ProjectConfigurationPlatforms) = postSolution
		{C5E346D6-E864-EDC8-0079-A8FFCF4A6E07}.Debug|Any CPU.ActiveCfg = Debug|Any CPU
		{C5E346D6-E864-EDC8-0079-A8FFCF4A6E07}.Debug|Any CPU.Build.0 = Debug|Any CPU
		{C5E346D6-E864-EDC8-0079-A8FFCF4A6E07}.Release|Any CPU.ActiveCfg = Release|Any CPU
		{C5E346D6-E864-EDC8-0079-A8FFCF4A6E07}.Release|Any CPU.Build.0 = Release|Any CPU
	EndGlobalSection
	GlobalSection(SolutionProperties) = preSolution
		HideSolutionNode = FALSE
	EndGlobalSection
	GlobalSection(ExtensibilityGlobals) = postSolution
		SolutionGuid = {CD1F973B-DF35-4485-9F00-7244238E3BFB}
	EndGlobalSection
EndGlobal
